
Microsoft Visual Studio Solution File, Format Version 12.00
# Visual Studio Version 16
VisualStudioVersion = 16.0.30320.27
MinimumVisualStudioVersion = 10.0.40219.1
Project("{FAE04EC0-301F-11D3-BF4B-00C04F79EFBC}") = "CreateSelfSignedCertificate", "CreateSelfSignedCertificate\CreateSelfSignedCertificate.csproj", "{D43F83C2-BFBC-414F-AE92-189FB83FEB4A}"
EndProject
Global
	GlobalSection(SolutionConfigurationPlatforms) = preSolution
		Debug|Any CPU = Debug|Any CPU
		Release|Any CPU = Release|Any CPU
	EndGlobalSection
	GlobalSection(ProjectConfigurationPlatforms) = postSolution
		{D43F83C2-BFBC-414F-AE92-189FB83FEB4A}.Debug|Any CPU.ActiveCfg = Debug|Any CPU
		{D43F83C2-BFBC-414F-AE92-189FB83FEB4A}.Debug|Any CPU.Build.0 = Debug|Any CPU
		{D43F83C2-BFBC-414F-AE92-189FB83FEB4A}.Release|Any CPU.ActiveCfg = Release|Any CPU
		{D43F83C2-BFBC-414F-AE92-189FB83FEB4A}.Release|Any CPU.Build.0 = Release|Any CPU
	EndGlobalSection
	GlobalSection(SolutionProperties) = preSolution
		HideSolutionNode = FALSE
	EndGlobalSection
	GlobalSection(ExtensibilityGlobals) = postSolution
		SolutionGuid = {C5698802-F74C-4433-951C-1EF6E133DDEB}
	EndGlobalSection
EndGlobal
